
Microsoft Visual Studio Solution File, Format Version 12.00
# Visual Studio 2012
Project("{FAE04EC0-301F-11D3-BF4B-00C04F79EFBC}") = "JsonDeserialize", "JsonDeserialize\JsonDeserialize.csproj", "{CBD9863D-A174-4C60-A52E-8AB11FA5DFDC}"
EndProject
Global
	GlobalSection(SolutionConfigurationPlatforms) = preSolution
		Debug|Any CPU = Debug|Any CPU
		Release|Any CPU = Release|Any CPU
	EndGlobalSection
	GlobalSection(ProjectConfigurationPlatforms) = postSolution
		{CBD9863D-A174-4C60-A52E-8AB11FA5DFDC}.Debug|Any CPU.ActiveCfg = Debug|Any CPU
		{CBD9863D-A174-4C60-A52E-8AB11FA5DFDC}.Debug|Any CPU.Build.0 = Debug|Any CPU
		{CBD9863D-A174-4C60-A52E-8AB11FA5DFDC}.Release|Any CPU.ActiveCfg = Release|Any CPU
		{CBD9863D-A174-4C60-A52E-8AB11FA5DFDC}.Release|Any CPU.Build.0 = Release|Any CPU
	EndGlobalSection
	GlobalSection(SolutionProperties) = preSolution
		HideSolutionNode = FALSE
	EndGlobalSection
EndGlobal
